hash: 330d5b7918a755de93beadf8df70ac57fde0dac5920b0f02ca7995c811e9ab80
updated: 2019-01-03T22:35:41.722336+01:00
imports:
- name: github.com/golang/protobuf
  version: 1d3f30b51784bec5aad268e59fd3c2fc1c2fe73f
  subpackages:
  - proto
- name: github.com/google/go-github
  version: 9650f9402d5796f9186ffa1b3701d79ae1c0c120
  subpackages:
  - github
- name: github.com/google/go-querystring
  version: 44c6ddd0a2342c386950e880b658017258da92fc
  subpackages:
  - query
- name: github.com/urfave/cli
  version: b67dcf995b6a7b7f14fad5fcb7cc5441b05e814b
- name: golang.org/x/net
  version: 927f97764cc334a6575f4b7a1584a147864d5723
  subpackages:
  - context
  - context/ctxhttp
- name: golang.org/x/oauth2
  version: d668ce993890a79bda886613ee587a69dd5da7a6
  subpackages:
  - internal
- name: google.golang.org/appengine
  version: e9657d882bb81064595ca3b56cbe2546bbabf7b1
  subpackages:
  - internal
  - internal/base
  - internal/datastore
  - internal/log
  - internal/remote_api
  - internal/urlfetch
  - urlfetch
testImports: []
